
Microsoft Visual Studio Solution File, Format Version 12.00
Project("{FAE04EC0-301F-11D3-BF4B-00C04F79EFBC}") = "CW-10-s31552", "CW-10-s31552.csproj", "{EB4EF38A-9DD1-49B3-96FF-33B706A9A04E}"
EndProject
Global
	GlobalSection(SolutionConfigurationPlatforms) = preSolution
		Debug|Any CPU = Debug|Any CPU
		Release|Any CPU = Release|Any CPU
	EndGlobalSection
	GlobalSection(ProjectConfigurationPlatforms) = postSolution
		{EB4EF38A-9DD1-49B3-96FF-33B706A9A04E}.Debug|Any CPU.ActiveCfg = Debug|Any CPU
		{EB4EF38A-9DD1-49B3-96FF-33B706A9A04E}.Debug|Any CPU.Build.0 = Debug|Any CPU
		{EB4EF38A-9DD1-49B3-96FF-33B706A9A04E}.Release|Any CPU.ActiveCfg = Release|Any CPU
		{EB4EF38A-9DD1-49B3-96FF-33B706A9A04E}.Release|Any CPU.Build.0 = Release|Any CPU
	EndGlobalSection
EndGlobal
